
Microsoft Visual Studio Solution File, Format Version 12.00
# Visual Studio Version 17
VisualStudioVersion = 17.7.34003.232
MinimumVisualStudioVersion = 10.0.40219.1
Project("{FAE04EC0-301F-11D3-BF4B-00C04F79EFBC}") = "RecordAnalyser", ".\RecordAnalyser\RecordAnalyser.csproj", "{A0B23179-76C5-462E-ABA4-B40F46E00FC7}"
EndProject
Project("{FAE04EC0-301F-11D3-BF4B-00C04F79EFBC}") = "Test", ".\Test\Test.csproj", "{80D59EC6-DEEE-47C5-BC7D-73118F67741B}"
EndProject
Global
	GlobalSection(SolutionConfigurationPlatforms) = preSolution
		Debug|Any CPU = Debug|Any CPU
		Release|Any CPU = Release|Any CPU
	EndGlobalSection
	GlobalSection(ProjectConfigurationPlatforms) = postSolution
		{A0B23179-76C5-462E-ABA4-B40F46E00FC7}.Debug|Any CPU.ActiveCfg = Debug|Any CPU
		{A0B23179-76C5-462E-ABA4-B40F46E00FC7}.Debug|Any CPU.Build.0 = Debug|Any CPU
		{A0B23179-76C5-462E-ABA4-B40F46E00FC7}.Release|Any CPU.ActiveCfg = Release|Any CPU
		{A0B23179-76C5-462E-ABA4-B40F46E00FC7}.Release|Any CPU.Build.0 = Release|Any CPU
		{80D59EC6-DEEE-47C5-BC7D-73118F67741B}.Debug|Any CPU.ActiveCfg = Debug|Any CPU
		{80D59EC6-DEEE-47C5-BC7D-73118F67741B}.Debug|Any CPU.Build.0 = Debug|Any CPU
		{80D59EC6-DEEE-47C5-BC7D-73118F67741B}.Release|Any CPU.ActiveCfg = Release|Any CPU
		{80D59EC6-DEEE-47C5-BC7D-73118F67741B}.Release|Any CPU.Build.0 = Release|Any CPU
	EndGlobalSection
	GlobalSection(SolutionProperties) = preSolution
		HideSolutionNode = FALSE
	EndGlobalSection
	GlobalSection(ExtensibilityGlobals) = postSolution
		SolutionGuid = {3E1C9F45-CD6F-475E-8A3F-D33D6C93A27C}
	EndGlobalSection
EndGlobal
